
Microsoft Visual Studio Solution File, Format Version 12.00
# Visual Studio 2012
Project("{FAE04EC0-301F-11D3-BF4B-00C04F79EFBC}") = "VirtualCPU", "VirtualCPU\VirtualCPU.csproj", "{EEA1F343-80A6-45A5-8A97-EE7B21F28CCE}"
EndProject
Project("{FAE04EC0-301F-11D3-BF4B-00C04F79EFBC}") = "DotN64", "DotN64\DotN64\DotN64.csproj", "{3231B7B4-EFE7-469A-AD04-D75EDECE2AFE}"
EndProject
Global
	GlobalSection(SolutionConfigurationPlatforms) = preSolution
		Debug|Any CPU = Debug|Any CPU
		Release|Any CPU = Release|Any CPU
	EndGlobalSection
	GlobalSection(ProjectConfigurationPlatforms) = postSolution
		{EEA1F343-80A6-45A5-8A97-EE7B21F28CCE}.Debug|Any CPU.ActiveCfg = Debug|Any CPU
		{EEA1F343-80A6-45A5-8A97-EE7B21F28CCE}.Debug|Any CPU.Build.0 = Debug|Any CPU
		{EEA1F343-80A6-45A5-8A97-EE7B21F28CCE}.Release|Any CPU.ActiveCfg = Release|Any CPU
		{EEA1F343-80A6-45A5-8A97-EE7B21F28CCE}.Release|Any CPU.Build.0 = Release|Any CPU
		{3231B7B4-EFE7-469A-AD04-D75EDECE2AFE}.Debug|Any CPU.ActiveCfg = Debug|Any CPU
		{3231B7B4-EFE7-469A-AD04-D75EDECE2AFE}.Debug|Any CPU.Build.0 = Debug|Any CPU
		{3231B7B4-EFE7-469A-AD04-D75EDECE2AFE}.Release|Any CPU.ActiveCfg = Release|Any CPU
		{3231B7B4-EFE7-469A-AD04-D75EDECE2AFE}.Release|Any CPU.Build.0 = Release|Any CPU
	EndGlobalSection
EndGlobal
